
Microsoft Visual Studio Solution File, Format Version 12.00
# Visual Studio Version 16
VisualStudioVersion = 16.0.29230.47
MinimumVisualStudioVersion = 10.0.40219.1
Project("{FAE04EC0-301F-11D3-BF4B-00C04F79EFBC}") = "LightController", "LightController\LightController.csproj", "{C06DB026-9AFD-44F8-8EC9-33C90E9CB59B}"
EndProject
Global
	GlobalSection(SolutionConfigurationPlatforms) = preSolution
		Debug|Any CPU = Debug|Any CPU
		Release|Any CPU = Release|Any CPU
	EndGlobalSection
	GlobalSection(ProjectConfigurationPlatforms) = postSolution
		{C06DB026-9AFD-44F8-8EC9-33C90E9CB59B}.Debug|Any CPU.ActiveCfg = Debug|Any CPU
		{C06DB026-9AFD-44F8-8EC9-33C90E9CB59B}.Debug|Any CPU.Build.0 = Debug|Any CPU
		{C06DB026-9AFD-44F8-8EC9-33C90E9CB59B}.Release|Any CPU.ActiveCfg = Release|Any CPU
		{C06DB026-9AFD-44F8-8EC9-33C90E9CB59B}.Release|Any CPU.Build.0 = Release|Any CPU
	EndGlobalSection
	GlobalSection(SolutionProperties) = preSolution
		HideSolutionNode = FALSE
	EndGlobalSection
	GlobalSection(ExtensibilityGlobals) = postSolution
		SolutionGuid = {A67B1842-A38E-47FC-AB4C-C805FB566BDA}
	EndGlobalSection
EndGlobal
